
Microsoft Visual Studio Solution File, Format Version 12.00
# Visual Studio Version 17
VisualStudioVersion = 17.13.35931.197 d17.13
MinimumVisualStudioVersion = 10.0.40219.1
Project("{FAE04EC0-301F-11D3-BF4B-00C04F79EFBC}") = "serializationdemo", "serializationdemo\serializationdemo.csproj", "{3D031550-FA9E-4534-8350-F1844669BF8E}"
EndProject
Project("{FAE04EC0-301F-11D3-BF4B-00C04F79EFBC}") = "mylib", "mylib\mylib.csproj", "{AE653777-F4F4-4B7D-A093-88268DD6C869}"
EndProject
Global
	GlobalSection(SolutionConfigurationPlatforms) = preSolution
		Debug|Any CPU = Debug|Any CPU
		Release|Any CPU = Release|Any CPU
	EndGlobalSection
	GlobalSection(ProjectConfigurationPlatforms) = postSolution
		{3D031550-FA9E-4534-8350-F1844669BF8E}.Debug|Any CPU.ActiveCfg = Debug|Any CPU
		{3D031550-FA9E-4534-8350-F1844669BF8E}.Debug|Any CPU.Build.0 = Debug|Any CPU
		{3D031550-FA9E-4534-8350-F1844669BF8E}.Release|Any CPU.ActiveCfg = Release|Any CPU
		{3D031550-FA9E-4534-8350-F1844669BF8E}.Release|Any CPU.Build.0 = Release|Any CPU
		{AE653777-F4F4-4B7D-A093-88268DD6C869}.Debug|Any CPU.ActiveCfg = Debug|Any CPU
		{AE653777-F4F4-4B7D-A093-88268DD6C869}.Debug|Any CPU.Build.0 = Debug|Any CPU
		{AE653777-F4F4-4B7D-A093-88268DD6C869}.Release|Any CPU.ActiveCfg = Release|Any CPU
		{AE653777-F4F4-4B7D-A093-88268DD6C869}.Release|Any CPU.Build.0 = Release|Any CPU
	EndGlobalSection
	GlobalSection(SolutionProperties) = preSolution
		HideSolutionNode = FALSE
	EndGlobalSection
	GlobalSection(ExtensibilityGlobals) = postSolution
		SolutionGuid = {89BE8E5B-3C2C-4208-9768-6C950C082BF7}
	EndGlobalSection
EndGlobal
