
Microsoft Visual Studio Solution File, Format Version 12.00
# Visual Studio Version 17
VisualStudioVersion = 17.13.35931.197 d17.13
MinimumVisualStudioVersion = 10.0.40219.1
Project("{FAE04EC0-301F-11D3-BF4B-00C04F79EFBC}") = "Onlineshop", "Onlineshop\Onlineshop.csproj", "{AD8A26A1-132D-4D98-AA4D-025F0E7312B0}"
EndProject
Global
	GlobalSection(SolutionConfigurationPlatforms) = preSolution
		Debug|Any CPU = Debug|Any CPU
		Release|Any CPU = Release|Any CPU
	EndGlobalSection
	GlobalSection(ProjectConfigurationPlatforms) = postSolution
		{AD8A26A1-132D-4D98-AA4D-025F0E7312B0}.Debug|Any CPU.ActiveCfg = Debug|Any CPU
		{AD8A26A1-132D-4D98-AA4D-025F0E7312B0}.Debug|Any CPU.Build.0 = Debug|Any CPU
		{AD8A26A1-132D-4D98-AA4D-025F0E7312B0}.Release|Any CPU.ActiveCfg = Release|Any CPU
		{AD8A26A1-132D-4D98-AA4D-025F0E7312B0}.Release|Any CPU.Build.0 = Release|Any CPU
	EndGlobalSection
	GlobalSection(SolutionProperties) = preSolution
		HideSolutionNode = FALSE
	EndGlobalSection
	GlobalSection(ExtensibilityGlobals) = postSolution
		SolutionGuid = {D1B8C844-1770-476A-9BB4-91CEA1209488}
	EndGlobalSection
EndGlobal
